
Microsoft Visual Studio Solution File, Format Version 12.00
# Visual Studio Version 17
VisualStudioVersion = 17.13.35913.81 d17.13
MinimumVisualStudioVersion = 10.0.40219.1
Project("{FAE04EC0-301F-11D3-BF4B-00C04F79EFBC}") = "quiz_solver", "quiz_solver.csproj", "{EE6BBE7B-FF0E-43F3-839D-1137CBC08CDA}"
EndProject
Global
	GlobalSection(SolutionConfigurationPlatforms) = preSolution
		Debug|Any CPU = Debug|Any CPU
		Release|Any CPU = Release|Any CPU
	EndGlobalSection
	GlobalSection(ProjectConfigurationPlatforms) = postSolution
		{EE6BBE7B-FF0E-43F3-839D-1137CBC08CDA}.Debug|Any CPU.ActiveCfg = Debug|Any CPU
		{EE6BBE7B-FF0E-43F3-839D-1137CBC08CDA}.Debug|Any CPU.Build.0 = Debug|Any CPU
		{EE6BBE7B-FF0E-43F3-839D-1137CBC08CDA}.Release|Any CPU.ActiveCfg = Release|Any CPU
		{EE6BBE7B-FF0E-43F3-839D-1137CBC08CDA}.Release|Any CPU.Build.0 = Release|Any CPU
	EndGlobalSection
	GlobalSection(SolutionProperties) = preSolution
		HideSolutionNode = FALSE
	EndGlobalSection
	GlobalSection(ExtensibilityGlobals) = postSolution
		SolutionGuid = {3F4A1B9C-4B84-4DF1-B006-D2BA13452E4D}
	EndGlobalSection
EndGlobal
